
Microsoft Visual Studio Solution File, Format Version 12.00
# Visual Studio Version 17
VisualStudioVersion = 17.0.32014.148
MinimumVisualStudioVersion = 10.0.40219.1
Project("{FAE04EC0-301F-11D3-BF4B-00C04F79EFBC}") = "BotInstagram", "BotInstagram\BotInstagram.csproj", "{1F70D34B-DEA8-42B6-89C0-52F9CD3793D9}"
EndProject
Global
	GlobalSection(SolutionConfigurationPlatforms) = preSolution
		Debug|Any CPU = Debug|Any CPU
		Release|Any CPU = Release|Any CPU
	EndGlobalSection
	GlobalSection(ProjectConfigurationPlatforms) = postSolution
		{1F70D34B-DEA8-42B6-89C0-52F9CD3793D9}.Debug|Any CPU.ActiveCfg = Debug|Any CPU
		{1F70D34B-DEA8-42B6-89C0-52F9CD3793D9}.Debug|Any CPU.Build.0 = Debug|Any CPU
		{1F70D34B-DEA8-42B6-89C0-52F9CD3793D9}.Release|Any CPU.ActiveCfg = Release|Any CPU
		{1F70D34B-DEA8-42B6-89C0-52F9CD3793D9}.Release|Any CPU.Build.0 = Release|Any CPU
	EndGlobalSection
	GlobalSection(SolutionProperties) = preSolution
		HideSolutionNode = FALSE
	EndGlobalSection
	GlobalSection(ExtensibilityGlobals) = postSolution
		SolutionGuid = {610E1FB3-B54F-49DA-888E-1B27EBE93082}
	EndGlobalSection
EndGlobal
